
Microsoft Visual Studio Solution File, Format Version 12.00
# Visual Studio Version 16
VisualStudioVersion = 16.0.29306.81
MinimumVisualStudioVersion = 10.0.40219.1
Project("{FAE04EC0-301F-11D3-BF4B-00C04F79EFBC}") = "ChatServer", "ChatServer\ChatServer.csproj", "{5CF8E483-4DB8-457A-B43C-72D91EB03CD9}"
EndProject
Project("{FAE04EC0-301F-11D3-BF4B-00C04F79EFBC}") = "App", "App\App.csproj", "{50DD1004-96A9-444C-A2D9-10A6C737BDFB}"
EndProject
Project("{FAE04EC0-301F-11D3-BF4B-00C04F79EFBC}") = "AppLibrary.Tests", "AppLibrary.Tests\AppLibrary.Tests.csproj", "{AF027198-6045-447C-8A6B-C34787D1A139}"
EndProject
Project("{FAE04EC0-301F-11D3-BF4B-00C04F79EFBC}") = "StudyBuddyLogic", "StudyBuddy\StudyBuddyLogic.csproj", "{16A19B78-8935-4495-82DD-C06539BF1305}"
EndProject
Project("{9A19103F-16F7-4668-BE54-9A1E7A4F7556}") = "StudyBuddy.Web.RazorPages", "StudyBuddy.Web.RazorPages\StudyBuddy.Web.RazorPages.csproj", "{2AFCC730-1D75-4801-BE50-5592EA801443}"
EndProject
Project("{FAE04EC0-301F-11D3-BF4B-00C04F79EFBC}") = "StudyBuddy.Web.RazorPages.Tests", "StudyBuddy.Web.RazorPages.Tests\StudyBuddy.Web.RazorPages.Tests.csproj", "{85EB5BBD-7764-4B5F-A328-A84D0E3417FC}"
EndProject
Global
	GlobalSection(SolutionConfigurationPlatforms) = preSolution
		Debug|Any CPU = Debug|Any CPU
		Release|Any CPU = Release|Any CPU
	EndGlobalSection
	GlobalSection(ProjectConfigurationPlatforms) = postSolution
		{5CF8E483-4DB8-457A-B43C-72D91EB03CD9}.Debug|Any CPU.ActiveCfg = Debug|Any CPU
		{5CF8E483-4DB8-457A-B43C-72D91EB03CD9}.Debug|Any CPU.Build.0 = Debug|Any CPU
		{5CF8E483-4DB8-457A-B43C-72D91EB03CD9}.Release|Any CPU.ActiveCfg = Release|Any CPU
		{5CF8E483-4DB8-457A-B43C-72D91EB03CD9}.Release|Any CPU.Build.0 = Release|Any CPU
		{50DD1004-96A9-444C-A2D9-10A6C737BDFB}.Debug|Any CPU.ActiveCfg = Debug|Any CPU
		{50DD1004-96A9-444C-A2D9-10A6C737BDFB}.Debug|Any CPU.Build.0 = Debug|Any CPU
		{50DD1004-96A9-444C-A2D9-10A6C737BDFB}.Release|Any CPU.ActiveCfg = Release|Any CPU
		{50DD1004-96A9-444C-A2D9-10A6C737BDFB}.Release|Any CPU.Build.0 = Release|Any CPU
		{AF027198-6045-447C-8A6B-C34787D1A139}.Debug|Any CPU.ActiveCfg = Debug|Any CPU
		{AF027198-6045-447C-8A6B-C34787D1A139}.Debug|Any CPU.Build.0 = Debug|Any CPU
		{AF027198-6045-447C-8A6B-C34787D1A139}.Release|Any CPU.ActiveCfg = Release|Any CPU
		{AF027198-6045-447C-8A6B-C34787D1A139}.Release|Any CPU.Build.0 = Release|Any CPU
		{16A19B78-8935-4495-82DD-C06539BF1305}.Debug|Any CPU.ActiveCfg = Debug|Any CPU
		{16A19B78-8935-4495-82DD-C06539BF1305}.Debug|Any CPU.Build.0 = Debug|Any CPU
		{16A19B78-8935-4495-82DD-C06539BF1305}.Release|Any CPU.ActiveCfg = Release|Any CPU
		{16A19B78-8935-4495-82DD-C06539BF1305}.Release|Any CPU.Build.0 = Release|Any CPU
		{2AFCC730-1D75-4801-BE50-5592EA801443}.Debug|Any CPU.ActiveCfg = Debug|Any CPU
		{2AFCC730-1D75-4801-BE50-5592EA801443}.Debug|Any CPU.Build.0 = Debug|Any CPU
		{2AFCC730-1D75-4801-BE50-5592EA801443}.Release|Any CPU.ActiveCfg = Release|Any CPU
		{2AFCC730-1D75-4801-BE50-5592EA801443}.Release|Any CPU.Build.0 = Release|Any CPU
		{85EB5BBD-7764-4B5F-A328-A84D0E3417FC}.Debug|Any CPU.ActiveCfg = Debug|Any CPU
		{85EB5BBD-7764-4B5F-A328-A84D0E3417FC}.Debug|Any CPU.Build.0 = Debug|Any CPU
		{85EB5BBD-7764-4B5F-A328-A84D0E3417FC}.Release|Any CPU.ActiveCfg = Release|Any CPU
		{85EB5BBD-7764-4B5F-A328-A84D0E3417FC}.Release|Any CPU.Build.0 = Release|Any CPU
	EndGlobalSection
	GlobalSection(SolutionProperties) = preSolution
		HideSolutionNode = FALSE
	EndGlobalSection
	GlobalSection(ExtensibilityGlobals) = postSolution
		SolutionGuid = {C3036D7A-8003-43B2-ABDF-6E4A350C3FE1}
	EndGlobalSection
EndGlobal
